
Microsoft Visual Studio Solution File, Format Version 12.00
# Visual Studio Version 17
VisualStudioVersion = 17.13.35913.81 d17.13
MinimumVisualStudioVersion = 10.0.40219.1
Project("{FAE04EC0-301F-11D3-BF4B-00C04F79EFBC}") = "Talegen.Templates", "Talegen.Templates.csproj", "{DC0891C7-E641-42F5-8823-4CDA6BE6BFC6}"
EndProject
Global
	GlobalSection(SolutionConfigurationPlatforms) = preSolution
		Debug|Any CPU = Debug|Any CPU
		Release|Any CPU = Release|Any CPU
	EndGlobalSection
	GlobalSection(ProjectConfigurationPlatforms) = postSolution
		{DC0891C7-E641-42F5-8823-4CDA6BE6BFC6}.Debug|Any CPU.ActiveCfg = Debug|Any CPU
		{DC0891C7-E641-42F5-8823-4CDA6BE6BFC6}.Debug|Any CPU.Build.0 = Debug|Any CPU
		{DC0891C7-E641-42F5-8823-4CDA6BE6BFC6}.Release|Any CPU.ActiveCfg = Release|Any CPU
		{DC0891C7-E641-42F5-8823-4CDA6BE6BFC6}.Release|Any CPU.Build.0 = Release|Any CPU
	EndGlobalSection
	GlobalSection(SolutionProperties) = preSolution
		HideSolutionNode = FALSE
	EndGlobalSection
	GlobalSection(ExtensibilityGlobals) = postSolution
		SolutionGuid = {7B6DF90C-A6A1-4EC9-9819-3B000DA0968F}
	EndGlobalSection
EndGlobal
